
Microsoft Visual Studio Solution File, Format Version 12.00
# Visual Studio Version 17
VisualStudioVersion = 17.9.34607.119
MinimumVisualStudioVersion = 10.0.40219.1
Project("{9A19103F-16F7-4668-BE54-9A1E7A4F7556}") = "DvInfoWeb", "DvInfoWeb\DvInfoWeb.csproj", "{D8814A1A-4C3D-4F58-A98D-9BAFC46E88DD}"
EndProject
Project("{FAE04EC0-301F-11D3-BF4B-00C04F79EFBC}") = "DvInfoWeb.DataAccess", "DvInfoWeb.DataAccess\DvInfoWeb.DataAccess.csproj", "{043FE17A-F93D-4A50-80EB-E956CC1423A5}"
EndProject
Project("{FAE04EC0-301F-11D3-BF4B-00C04F79EFBC}") = "DvInfoWeb.Models", "DvInfoWeb.Models\DvInfoWeb.Models.csproj", "{1B1AA3BC-6700-403E-879F-07B3A4B46605}"
EndProject
Project("{FAE04EC0-301F-11D3-BF4B-00C04F79EFBC}") = "DvInfoWeb.Utility", "DvInfoWeb.Utility\DvInfoWeb.Utility.csproj", "{FD90580B-9B70-4C4D-B3C2-DD7845364FA3}"
EndProject
Global
	GlobalSection(SolutionConfigurationPlatforms) = preSolution
		Debug|Any CPU = Debug|Any CPU
		Release|Any CPU = Release|Any CPU
	EndGlobalSection
	GlobalSection(ProjectConfigurationPlatforms) = postSolution
		{D8814A1A-4C3D-4F58-A98D-9BAFC46E88DD}.Debug|Any CPU.ActiveCfg = Debug|Any CPU
		{D8814A1A-4C3D-4F58-A98D-9BAFC46E88DD}.Debug|Any CPU.Build.0 = Debug|Any CPU
		{D8814A1A-4C3D-4F58-A98D-9BAFC46E88DD}.Release|Any CPU.ActiveCfg = Release|Any CPU
		{D8814A1A-4C3D-4F58-A98D-9BAFC46E88DD}.Release|Any CPU.Build.0 = Release|Any CPU
		{043FE17A-F93D-4A50-80EB-E956CC1423A5}.Debug|Any CPU.ActiveCfg = Debug|Any CPU
		{043FE17A-F93D-4A50-80EB-E956CC1423A5}.Debug|Any CPU.Build.0 = Debug|Any CPU
		{043FE17A-F93D-4A50-80EB-E956CC1423A5}.Release|Any CPU.ActiveCfg = Release|Any CPU
		{043FE17A-F93D-4A50-80EB-E956CC1423A5}.Release|Any CPU.Build.0 = Release|Any CPU
		{1B1AA3BC-6700-403E-879F-07B3A4B46605}.Debug|Any CPU.ActiveCfg = Debug|Any CPU
		{1B1AA3BC-6700-403E-879F-07B3A4B46605}.Debug|Any CPU.Build.0 = Debug|Any CPU
		{1B1AA3BC-6700-403E-879F-07B3A4B46605}.Release|Any CPU.ActiveCfg = Release|Any CPU
		{1B1AA3BC-6700-403E-879F-07B3A4B46605}.Release|Any CPU.Build.0 = Release|Any CPU
		{FD90580B-9B70-4C4D-B3C2-DD7845364FA3}.Debug|Any CPU.ActiveCfg = Debug|Any CPU
		{FD90580B-9B70-4C4D-B3C2-DD7845364FA3}.Debug|Any CPU.Build.0 = Debug|Any CPU
		{FD90580B-9B70-4C4D-B3C2-DD7845364FA3}.Release|Any CPU.ActiveCfg = Release|Any CPU
		{FD90580B-9B70-4C4D-B3C2-DD7845364FA3}.Release|Any CPU.Build.0 = Release|Any CPU
	EndGlobalSection
	GlobalSection(SolutionProperties) = preSolution
		HideSolutionNode = FALSE
	EndGlobalSection
	GlobalSection(ExtensibilityGlobals) = postSolution
		SolutionGuid = {34681704-9CEF-4903-801C-180547D3FCF0}
	EndGlobalSection
EndGlobal
