
Microsoft Visual Studio Solution File, Format Version 12.00
# Visual Studio Version 17
VisualStudioVersion = 17.9.34607.119
MinimumVisualStudioVersion = 10.0.40219.1
Project("{FAE04EC0-301F-11D3-BF4B-00C04F79EFBC}") = "DvInfoWeb", "DvInfoWeb\DvInfoWeb.csproj", "{D8814A1A-4C3D-4F58-A98D-9BAFC46E88DD}"
EndProject
Global
	GlobalSection(SolutionConfigurationPlatforms) = preSolution
		Debug|Any CPU = Debug|Any CPU
		Release|Any CPU = Release|Any CPU
	EndGlobalSection
	GlobalSection(ProjectConfigurationPlatforms) = postSolution
		{D8814A1A-4C3D-4F58-A98D-9BAFC46E88DD}.Debug|Any CPU.ActiveCfg = Debug|Any CPU
		{D8814A1A-4C3D-4F58-A98D-9BAFC46E88DD}.Debug|Any CPU.Build.0 = Debug|Any CPU
		{D8814A1A-4C3D-4F58-A98D-9BAFC46E88DD}.Release|Any CPU.ActiveCfg = Release|Any CPU
		{D8814A1A-4C3D-4F58-A98D-9BAFC46E88DD}.Release|Any CPU.Build.0 = Release|Any CPU
	EndGlobalSection
	GlobalSection(SolutionProperties) = preSolution
		HideSolutionNode = FALSE
	EndGlobalSection
	GlobalSection(ExtensibilityGlobals) = postSolution
		SolutionGuid = {34681704-9CEF-4903-801C-180547D3FCF0}
	EndGlobalSection
EndGlobal
